{
  "name": "boat-scraper",
  "version": "1.0.0",
  "lockfileVersion": 2,
  "requires": true,
  "packages": {
    "": {
      "name": "boat-scraper",
      "version": "1.0.0",
      "license": "ISC",
      "dependencies": {
        "craigslist-automation": "file:../craigslist-automation"
      },
      "devDependencies": {
        "@tsconfig/node16": "^1.0.3",
        "@types/node": "^18.11.9",
        "typescript": "^4.8.4"
      }
    },
    "../craigslist-automation": {
      "version": "0.0.1",
      "license": "ISC",
      "dependencies": {
        "@types/node-fetch": "^2.6.2",
        "cheerio": "^1.0.0-rc.12",
        "node-fetch": "^2.6.7",
        "puppeteer": "^19.0.0"
      },
      "devDependencies": {
        "@tsconfig/node16": "^1.0.3",
        "@types/jest": "^29.2.0",
        "@types/node": "^18.11.0",
        "esbuild": "^0.15.13",
        "jest": "^29.2.1",
        "npm-dts": "^1.3.12",
        "ts-jest": "^29.0.3",
        "typescript": "^4.8.4"
      }
    },
    "node_modules/@tsconfig/node16": {
      "version": "1.0.3",
      "resolved": "https://registry.npmjs.org/@tsconfig/node16/-/node16-1.0.3.tgz",
      "integrity": "sha512-yOlFc+7UtL/89t2ZhjPvvB/DeAr3r+Dq58IgzsFkOAvVC6NMJXmCGjbptdXdR9qsX7pKcTL+s87FtYREi2dEEQ==",
      "dev": true
    },
    "node_modules/@types/node": {
      "version": "18.11.9",
      "resolved": "https://registry.npmjs.org/@types/node/-/node-18.11.9.tgz",
      "integrity": "sha512-CRpX21/kGdzjOpFsZSkcrXMGIBWMGNIHXXBVFSH+ggkftxg+XYP20TESbh+zFvFj3EQOl5byk0HTRn1IL6hbqg==",
      "dev": true
    },
    "node_modules/craigslist-automation": {
      "resolved": "../craigslist-automation",
      "link": true
    },
    "node_modules/typescript": {
      "version": "4.8.4",
      "resolved": "https://registry.npmjs.org/typescript/-/typescript-4.8.4.tgz",
      "integrity": "sha512-QCh+85mCy+h0IGff8r5XWzOVSbBO+KfeYrMQh7NJ58QujwcE22u+NUSmUxqF+un70P9GXKxa2HCNiTTMJknyjQ==",
      "dev": true,
      "bin": {
        "tsc": "bin/tsc",
        "tsserver": "bin/tsserver"
      },
      "engines": {
        "node": ">=4.2.0"
      }
    }
  },
  "dependencies": {
    "@tsconfig/node16": {
      "version": "1.0.3",
      "resolved": "https://registry.npmjs.org/@tsconfig/node16/-/node16-1.0.3.tgz",
      "integrity": "sha512-yOlFc+7UtL/89t2ZhjPvvB/DeAr3r+Dq58IgzsFkOAvVC6NMJXmCGjbptdXdR9qsX7pKcTL+s87FtYREi2dEEQ==",
      "dev": true
    },
    "@types/node": {
      "version": "18.11.9",
      "resolved": "https://registry.npmjs.org/@types/node/-/node-18.11.9.tgz",
      "integrity": "sha512-CRpX21/kGdzjOpFsZSkcrXMGIBWMGNIHXXBVFSH+ggkftxg+XYP20TESbh+zFvFj3EQOl5byk0HTRn1IL6hbqg==",
      "dev": true
    },
    "craigslist-automation": {
      "version": "file:../craigslist-automation",
      "requires": {
        "@tsconfig/node16": "^1.0.3",
        "@types/jest": "^29.2.0",
        "@types/node": "^18.11.0",
        "@types/node-fetch": "^2.6.2",
        "cheerio": "^1.0.0-rc.12",
        "esbuild": "^0.15.13",
        "jest": "^29.2.1",
        "node-fetch": "^2.6.7",
        "npm-dts": "^1.3.12",
        "puppeteer": "^19.0.0",
        "ts-jest": "^29.0.3",
        "typescript": "^4.8.4"
      }
    },
    "typescript": {
      "version": "4.8.4",
      "resolved": "https://registry.npmjs.org/typescript/-/typescript-4.8.4.tgz",
      "integrity": "sha512-QCh+85mCy+h0IGff8r5XWzOVSbBO+KfeYrMQh7NJ58QujwcE22u+NUSmUxqF+un70P9GXKxa2HCNiTTMJknyjQ==",
      "dev": true
    }
  }
}
